{
  "name": "2020-practice",
  "lockfileVersion": 2,
  "requires": true,
  "packages": {
    "": {
      "dependencies": {
        "axios": "^0.21.1",
        "dayjs": "^1.10.4",
        "sort-keys-recursive": "^2.1.1",
        "wavesurfer.js": "^4.6.0"
      }
    },
    "node_modules/axios": {
      "version": "0.21.1",
      "resolved": "https://registry.npm.taobao.org/axios/download/axios-0.21.1.tgz",
      "integrity": "sha1-IlY0gZYvTWvemnbVFu8OXTwJsrg=",
      "dependencies": {
        "follow-redirects": "^1.10.0"
      }
    },
    "node_modules/dayjs": {
      "version": "1.10.4",
      "resolved": "https://registry.npm.taobao.org/dayjs/download/dayjs-1.10.4.tgz",
      "integrity": "sha1-jlRKm4aD9heD9XCYCoqA6vVKseI="
    },
    "node_modules/follow-redirects": {
      "version": "1.13.3",
      "resolved": "https://registry.npm.taobao.org/follow-redirects/download/follow-redirects-1.13.3.tgz",
      "integrity": "sha1-5VmK1QF0wbxOhyMB6CrCzZf5Amc=",
      "engines": {
        "node": ">=4.0"
      }
    },
    "node_modules/is-plain-obj": {
      "version": "2.1.0",
      "resolved": "https://registry.npm.taobao.org/is-plain-obj/download/is-plain-obj-2.1.0.tgz",
      "integrity": "sha1-ReQuN/zPH0Dajl927iFRWEDAkoc=",
      "engines": {
        "node": ">=8"
      }
    },
    "node_modules/kind-of": {
      "version": "6.0.3",
      "resolved": "https://registry.npm.taobao.org/kind-of/download/kind-of-6.0.3.tgz",
      "integrity": "sha1-B8BQNKbDSfoG4k+jWqdttFgM5N0=",
      "engines": {
        "node": ">=0.10.0"
      }
    },
    "node_modules/sort-keys": {
      "version": "4.2.0",
      "resolved": "https://registry.npm.taobao.org/sort-keys/download/sort-keys-4.2.0.tgz",
      "integrity": "sha1-a3Y4zuQsUG//jBzs3nN20hMVvhg=",
      "dependencies": {
        "is-plain-obj": "^2.0.0"
      },
      "engines": {
        "node": ">=8"
      }
    },
    "node_modules/sort-keys-recursive": {
      "version": "2.1.1",
      "resolved": "https://registry.nlark.com/sort-keys-recursive/download/sort-keys-recursive-2.1.1.tgz",
      "integrity": "sha1-B20ziEchIoCFAsulacDtK57YwCI=",
      "dependencies": {
        "kind-of": "~6.0.2",
        "sort-keys": "~4.2.0"
      },
      "engines": {
        "node": ">=4"
      }
    },
    "node_modules/wavesurfer.js": {
      "version": "4.6.0",
      "resolved": "https://registry.nlark.com/wavesurfer.js/download/wavesurfer.js-4.6.0.tgz",
      "integrity": "sha1-PcJnSLIgCXiv6AJYKiCF9G6wzg0="
    }
  },
  "dependencies": {
    "axios": {
      "version": "0.21.1",
      "resolved": "https://registry.npm.taobao.org/axios/download/axios-0.21.1.tgz",
      "integrity": "sha1-IlY0gZYvTWvemnbVFu8OXTwJsrg=",
      "requires": {
        "follow-redirects": "^1.10.0"
      }
    },
    "dayjs": {
      "version": "1.10.4",
      "resolved": "https://registry.npm.taobao.org/dayjs/download/dayjs-1.10.4.tgz",
      "integrity": "sha1-jlRKm4aD9heD9XCYCoqA6vVKseI="
    },
    "follow-redirects": {
      "version": "1.13.3",
      "resolved": "https://registry.npm.taobao.org/follow-redirects/download/follow-redirects-1.13.3.tgz",
      "integrity": "sha1-5VmK1QF0wbxOhyMB6CrCzZf5Amc="
    },
    "is-plain-obj": {
      "version": "2.1.0",
      "resolved": "https://registry.npm.taobao.org/is-plain-obj/download/is-plain-obj-2.1.0.tgz",
      "integrity": "sha1-ReQuN/zPH0Dajl927iFRWEDAkoc="
    },
    "kind-of": {
      "version": "6.0.3",
      "resolved": "https://registry.npm.taobao.org/kind-of/download/kind-of-6.0.3.tgz",
      "integrity": "sha1-B8BQNKbDSfoG4k+jWqdttFgM5N0="
    },
    "sort-keys": {
      "version": "4.2.0",
      "resolved": "https://registry.npm.taobao.org/sort-keys/download/sort-keys-4.2.0.tgz",
      "integrity": "sha1-a3Y4zuQsUG//jBzs3nN20hMVvhg=",
      "requires": {
        "is-plain-obj": "^2.0.0"
      }
    },
    "sort-keys-recursive": {
      "version": "2.1.1",
      "resolved": "https://registry.nlark.com/sort-keys-recursive/download/sort-keys-recursive-2.1.1.tgz",
      "integrity": "sha1-B20ziEchIoCFAsulacDtK57YwCI=",
      "requires": {
        "kind-of": "~6.0.2",
        "sort-keys": "~4.2.0"
      }
    },
    "wavesurfer.js": {
      "version": "4.6.0",
      "resolved": "https://registry.nlark.com/wavesurfer.js/download/wavesurfer.js-4.6.0.tgz",
      "integrity": "sha1-PcJnSLIgCXiv6AJYKiCF9G6wzg0="
    }
  }
}
